github.com/mips171/leo v0.1.6 h1:YNxlk4i10XZShAc9X/IkB81QMKlYf89FEHe3T0EfHIA=
github.com/mips171/leo v0.1.6/go.mod h1:Yi9BnU7Kd2bwNk1GnnOu8ZxdwiVw+bbq6+6VdsORjng=
github.com/mips171/leo v0.1.7 h1:+eTB4Hv5BuAOS4Atcjl/nLUHhRZUq68l3hKh+9kh5js=
github.com/mips171/leo v0.1.7/go.mod h1:Yi9BnU7Kd2bwNk1GnnOu8ZxdwiVw+bbq6+6VdsORjng=
